// !$*UTF8*$!
{
	archiveVersion = 1;
	classes = {
	};
	objectVersion = 46;
	objects = {

/* Begin PBXBuildFile section */
		2A066588D5959BA2F5ECFA09 /* Pods_EaseModule_Example.framework in Frameworks */ = {isa = PBXBuildFile; fileRef = B71D8CDDA4919C113986A927 /* Pods_EaseModule_Example.framework */; };
		329EA5E5251A28E60042BDC8 /* DemoMusicModule.m in Sources */ = {isa = PBXBuildFile; fileRef = 329EA5AE251A28E50042BDC8 /* DemoMusicModule.m */; };
		329EA5E6251A28E60042BDC8 /* DemoMusicComponent.m in Sources */ = {isa = PBXBuildFile; fileRef = 329EA5AF251A28E50042BDC8 /* DemoMusicComponent.m */; };
		329EA5E7251A28E60042BDC8 /* DemoMusicCCell.m in Sources */ = {isa = PBXBuildFile; fileRef = 329EA5B0251A28E50042BDC8 /* DemoMusicCCell.m */; };
		329EA5E8251A28E60042BDC8 /* DemoVideoCCell.m in Sources */ = {isa = PBXBuildFile; fileRef = 329EA5B6251A28E50042BDC8 /* DemoVideoCCell.m */; };
		329EA5E9251A28E60042BDC8 /* DemoVideoModule.m in Sources */ = {isa = PBXBuildFile; fileRef = 329EA5B7251A28E50042BDC8 /* DemoVideoModule.m */; };
		329EA5EA251A28E60042BDC8 /* DemoVideoComponent.m in Sources */ = {isa = PBXBuildFile; fileRef = 329EA5B8251A28E50042BDC8 /* DemoVideoComponent.m */; };
		329EA5EB251A28E60042BDC8 /* DemoShoppingModule.m in Sources */ = {isa = PBXBuildFile; fileRef = 329EA5BD251A28E50042BDC8 /* DemoShoppingModule.m */; };
		329EA5EC251A28E60042BDC8 /* DemoShoppingComponent.m in Sources */ = {isa = PBXBuildFile; fileRef = 329EA5BE251A28E50042BDC8 /* DemoShoppingComponent.m */; };
		329EA5ED251A28E60042BDC8 /* DemoHuabanModule.m in Sources */ = {isa = PBXBuildFile; fileRef = 329EA5C0251A28E50042BDC8 /* DemoHuabanModule.m */; };
		329EA5EE251A28E60042BDC8 /* DemoLivingModule.m in Sources */ = {isa = PBXBuildFile; fileRef = 329EA5C4251A28E50042BDC8 /* DemoLivingModule.m */; };
		329EA5EF251A28E60042BDC8 /* DemoSearchModule.m in Sources */ = {isa = PBXBuildFile; fileRef = 329EA5C6251A28E50042BDC8 /* DemoSearchModule.m */; };
		329EA5F0251A28E60042BDC8 /* DemoSearchComponent.m in Sources */ = {isa = PBXBuildFile; fileRef = 329EA5C8251A28E50042BDC8 /* DemoSearchComponent.m */; };
		329EA5F1251A28E60042BDC8 /* DemoSearchCCell.m in Sources */ = {isa = PBXBuildFile; fileRef = 329EA5CA251A28E50042BDC8 /* DemoSearchCCell.m */; };
		329EA5F2251A28E60042BDC8 /* DemoContentCCell.m in Sources */ = {isa = PBXBuildFile; fileRef = 329EA5CD251A28E60042BDC8 /* DemoContentCCell.m */; };
		329EA5F3251A28E60042BDC8 /* DemoListViewController.m in Sources */ = {isa = PBXBuildFile; fileRef = 329EA5CE251A28E60042BDC8 /* DemoListViewController.m */; };
		329EA5F4251A28E60042BDC8 /* DemoCompositeListViewController.m in Sources */ = {isa = PBXBuildFile; fileRef = 329EA5CF251A28E60042BDC8 /* DemoCompositeListViewController.m */; };
		329EA5F5251A28E60042BDC8 /* DemoMineCCell.m in Sources */ = {isa = PBXBuildFile; fileRef = 329EA5D6251A28E60042BDC8 /* DemoMineCCell.m */; };
		329EA5F6251A28E60042BDC8 /* DemoMineComponent.m in Sources */ = {isa = PBXBuildFile; fileRef = 329EA5D7251A28E60042BDC8 /* DemoMineComponent.m */; };
		329EA5F7251A28E60042BDC8 /* DemoMineModule.m in Sources */ = {isa = PBXBuildFile; fileRef = 329EA5D8251A28E60042BDC8 /* DemoMineModule.m */; };
		329EA5F8251A28E60042BDC8 /* UIColor+Common.m in Sources */ = {isa = PBXBuildFile; fileRef = 329EA5DC251A28E60042BDC8 /* UIColor+Common.m */; };
		329EA5F9251A28E60042BDC8 /* NSObject+EaseRuntime.m in Sources */ = {isa = PBXBuildFile; fileRef = 329EA5DD251A28E60042BDC8 /* NSObject+EaseRuntime.m */; };
		329EA5FA251A28E60042BDC8 /* NSString+Common.m in Sources */ = {isa = PBXBuildFile; fileRef = 329EA5E0251A28E60042BDC8 /* NSString+Common.m */; };
		329EA5FB251A28E60042BDC8 /* UIImage+Common.m in Sources */ = {isa = PBXBuildFile; fileRef = 329EA5E3251A28E60042BDC8 /* UIImage+Common.m */; };
		329EA5FC251A28E60042BDC8 /* NSArray+Sugar.m in Sources */ = {isa = PBXBuildFile; fileRef = 329EA5E4251A28E60042BDC8 /* NSArray+Sugar.m */; };
		329EA60D251A2A440042BDC8 /* SDCycleScrollView.m in Sources */ = {isa = PBXBuildFile; fileRef = 329EA601251A2A440042BDC8 /* SDCycleScrollView.m */; };
		329EA60E251A2A440042BDC8 /* UIView+SDExtension.m in Sources */ = {isa = PBXBuildFile; fileRef = 329EA602251A2A440042BDC8 /* UIView+SDExtension.m */; };
		329EA60F251A2A440042BDC8 /* SDCollectionViewCell.m in Sources */ = {isa = PBXBuildFile; fileRef = 329EA603251A2A440042BDC8 /* SDCollectionViewCell.m */; };
		329EA610251A2A440042BDC8 /* TADotView.m in Sources */ = {isa = PBXBuildFile; fileRef = 329EA606251A2A440042BDC8 /* TADotView.m */; };
		329EA611251A2A440042BDC8 /* TAPageControl.m in Sources */ = {isa = PBXBuildFile; fileRef = 329EA607251A2A440042BDC8 /* TAPageControl.m */; };
		329EA612251A2A440042BDC8 /* TAAnimatedDotView.m in Sources */ = {isa = PBXBuildFile; fileRef = 329EA608251A2A440042BDC8 /* TAAnimatedDotView.m */; };
		329EA613251A2A440042BDC8 /* TAAbstractDotView.m in Sources */ = {isa = PBXBuildFile; fileRef = 329EA609251A2A440042BDC8 /* TAAbstractDotView.m */; };
		329EA616251ADFD40042BDC8 /* huaban.json in Resources */ = {isa = PBXBuildFile; fileRef = 329EA614251ADFD40042BDC8 /* huaban.json */; };
		329EA617251ADFD40042BDC8 /* music.json in Resources */ = {isa = PBXBuildFile; fileRef = 329EA615251ADFD40042BDC8 /* music.json */; };
		3A3D9F8BF891C084C25E6BAD /* Pods_EaseModule_Tests.framework in Frameworks */ = {isa = PBXBuildFile; fileRef = 7276E9531AAFB6FF0543A22E /* Pods_EaseModule_Tests.framework */; };
		6003F58E195388D20070C39A /* Foundation.framework in Frameworks */ = {isa = PBXBuildFile; fileRef = 6003F58D195388D20070C39A /* Foundation.framework */; };
		6003F590195388D20070C39A /* CoreGraphics.framework in Frameworks */ = {isa = PBXBuildFile; fileRef = 6003F58F195388D20070C39A /* CoreGraphics.framework */; };
		6003F592195388D20070C39A /* UIKit.framework in Frameworks */ = {isa = PBXBuildFile; fileRef = 6003F591195388D20070C39A /* UIKit.framework */; };
		6003F598195388D20070C39A /* InfoPlist.strings in Resources */ = {isa = PBXBuildFile; fileRef = 6003F596195388D20070C39A /* InfoPlist.strings */; };
		6003F59A195388D20070C39A /* main.m in Sources */ = {isa = PBXBuildFile; fileRef = 6003F599195388D20070C39A /* main.m */; };
		6003F59E195388D20070C39A /* XXAppDelegate.m in Sources */ = {isa = PBXBuildFile; fileRef = 6003F59D195388D20070C39A /* XXAppDelegate.m */; };
		6003F5A7195388D20070C39A /* XXViewController.m in Sources */ = {isa = PBXBuildFile; fileRef = 6003F5A6195388D20070C39A /* XXViewController.m */; };
		6003F5A9195388D20070C39A /* Images.xcassets in Resources */ = {isa = PBXBuildFile; fileRef = 6003F5A8195388D20070C39A /* Images.xcassets */; };
		6003F5B0195388D20070C39A /* XCTest.framework in Frameworks */ = {isa = PBXBuildFile; fileRef = 6003F5AF195388D20070C39A /* XCTest.framework */; };
		6003F5B1195388D20070C39A /* Foundation.framework in Frameworks */ = {isa = PBXBuildFile; fileRef = 6003F58D195388D20070C39A /* Foundation.framework */; };
		6003F5B2195388D20070C39A /* UIKit.framework in Frameworks */ = {isa = PBXBuildFile; fileRef = 6003F591195388D20070C39A /* UIKit.framework */; };
		6003F5BA195388D20070C39A /* InfoPlist.strings in Resources */ = {isa = PBXBuildFile; fileRef = 6003F5B8195388D20070C39A /* InfoPlist.strings */; };
		6003F5BC195388D20070C39A /* Tests.m in Sources */ = {isa = PBXBuildFile; fileRef = 6003F5BB195388D20070C39A /* Tests.m */; };
		71719F9F1E33DC2100824A3D /* LaunchScreen.storyboard in Resources */ = {isa = PBXBuildFile; fileRef = 71719F9D1E33DC2100824A3D /* LaunchScreen.storyboard */; };
		873B8AEB1B1F5CCA007FD442 /* Main.storyboard in Resources */ = {isa = PBXBuildFile; fileRef = 873B8AEA1B1F5CCA007FD442 /* Main.storyboard */; };
/* End PBXBuildFile section */

/* Begin PBXContainerItemProxy section */
		6003F5B3195388D20070C39A /* PBXContainerItemProxy */ = {
			isa = PBXContainerItemProxy;
			containerPortal = 6003F582195388D10070C39A /* Project object */;
			proxyType = 1;
			remoteGlobalIDString = 6003F589195388D20070C39A;
			remoteInfo = EaseModule;
		};
/* End PBXContainerItemProxy section */

/* Begin PBXFileReference section */
		0313CC12E62DC91523959565 /* Pods-EaseModule_Tests.release.xcconfig */ = {isa = PBXFileReference; includeInIndex = 1; lastKnownFileType = text.xcconfig; name = "Pods-EaseModule_Tests.release.xcconfig"; path = "Target Support Files/Pods-EaseModule_Tests/Pods-EaseModule_Tests.release.xcconfig"; sourceTree = "<group>"; };
		1B0F7C23F1A387E31E05481A /* Pods-EaseModule_Tests.debug.xcconfig */ = {isa = PBXFileReference; includeInIndex = 1; lastKnownFileType = text.xcconfig; name = "Pods-EaseModule_Tests.debug.xcconfig"; path = "Target Support Files/Pods-EaseModule_Tests/Pods-EaseModule_Tests.debug.xcconfig"; sourceTree = "<group>"; };
		25F480156B13CCA4D03E851C /* README.md */ = {isa = PBXFileReference; includeInIndex = 1; lastKnownFileType = net.daringfireball.markdown; name = README.md; path = ../README.md; sourceTree = "<group>"; };
		2F4F95982490873E2EB81142 /* Pods-EaseModule_Example.debug.xcconfig */ = {isa = PBXFileReference; includeInIndex = 1; lastKnownFileType = text.xcconfig; name = "Pods-EaseModule_Example.debug.xcconfig"; path = "Target Support Files/Pods-EaseModule_Example/Pods-EaseModule_Example.debug.xcconfig"; sourceTree = "<group>"; };
		329EA5AD251A28E50042BDC8 /* DemoMusicCCell.h */ = {isa = PBXFileReference; fileEncoding = 4; lastKnownFileType = sourcecode.c.h; path = DemoMusicCCell.h; sourceTree = "<group>"; };
		329EA5AE251A28E50042BDC8 /* DemoMusicModule.m */ = {isa = PBXFileReference; fileEncoding = 4; lastKnownFileType = sourcecode.c.objc; path = DemoMusicModule.m; sourceTree = "<group>"; };
		329EA5AF251A28E50042BDC8 /* DemoMusicComponent.m */ = {isa = PBXFileReference; fileEncoding = 4; lastKnownFileType = sourcecode.c.objc; path = DemoMusicComponent.m; sourceTree = "<group>"; };
		329EA5B0251A28E50042BDC8 /* DemoMusicCCell.m */ = {isa = PBXFileReference; fileEncoding = 4; lastKnownFileType = sourcecode.c.objc; path = DemoMusicCCell.m; sourceTree = "<group>"; };
		329EA5B1251A28E50042BDC8 /* DemoMusicModule.h */ = {isa = PBXFileReference; fileEncoding = 4; lastKnownFileType = sourcecode.c.h; path = DemoMusicModule.h; sourceTree = "<group>"; };
		329EA5B2251A28E50042BDC8 /* DemoMusicComponent.h */ = {isa = PBXFileReference; fileEncoding = 4; lastKnownFileType = sourcecode.c.h; path = DemoMusicComponent.h; sourceTree = "<group>"; };
		329EA5B4251A28E50042BDC8 /* DemoVideoModule.h */ = {isa = PBXFileReference; fileEncoding = 4; lastKnownFileType = sourcecode.c.h; path = DemoVideoModule.h; sourceTree = "<group>"; };
		329EA5B5251A28E50042BDC8 /* DemoVideoComponent.h */ = {isa = PBXFileReference; fileEncoding = 4; lastKnownFileType = sourcecode.c.h; path = DemoVideoComponent.h; sourceTree = "<group>"; };
		329EA5B6251A28E50042BDC8 /* DemoVideoCCell.m */ = {isa = PBXFileReference; fileEncoding = 4; lastKnownFileType = sourcecode.c.objc; path = DemoVideoCCell.m; sourceTree = "<group>"; };
		329EA5B7251A28E50042BDC8 /* DemoVideoModule.m */ = {isa = PBXFileReference; fileEncoding = 4; lastKnownFileType = sourcecode.c.objc; path = DemoVideoModule.m; sourceTree = "<group>"; };
		329EA5B8251A28E50042BDC8 /* DemoVideoComponent.m */ = {isa = PBXFileReference; fileEncoding = 4; lastKnownFileType = sourcecode.c.objc; path = DemoVideoComponent.m; sourceTree = "<group>"; };
		329EA5B9251A28E50042BDC8 /* DemoVideoCCell.h */ = {isa = PBXFileReference; fileEncoding = 4; lastKnownFileType = sourcecode.c.h; path = DemoVideoCCell.h; sourceTree = "<group>"; };
		329EA5BB251A28E50042BDC8 /* DemoShoppingModule.h */ = {isa = PBXFileReference; fileEncoding = 4; lastKnownFileType = sourcecode.c.h; path = DemoShoppingModule.h; sourceTree = "<group>"; };
		329EA5BC251A28E50042BDC8 /* DemoShoppingComponent.h */ = {isa = PBXFileReference; fileEncoding = 4; lastKnownFileType = sourcecode.c.h; path = DemoShoppingComponent.h; sourceTree = "<group>"; };
		329EA5BD251A28E50042BDC8 /* DemoShoppingModule.m */ = {isa = PBXFileReference; fileEncoding = 4; lastKnownFileType = sourcecode.c.objc; path = DemoShoppingModule.m; sourceTree = "<group>"; };
		329EA5BE251A28E50042BDC8 /* DemoShoppingComponent.m */ = {isa = PBXFileReference; fileEncoding = 4; lastKnownFileType = sourcecode.c.objc; path = DemoShoppingComponent.m; sourceTree = "<group>"; };
		329EA5C0251A28E50042BDC8 /* DemoHuabanModule.m */ = {isa = PBXFileReference; fileEncoding = 4; lastKnownFileType = sourcecode.c.objc; path = DemoHuabanModule.m; sourceTree = "<group>"; };
		329EA5C1251A28E50042BDC8 /* DemoHuabanModule.h */ = {isa = PBXFileReference; fileEncoding = 4; lastKnownFileType = sourcecode.c.h; path = DemoHuabanModule.h; sourceTree = "<group>"; };
		329EA5C3251A28E50042BDC8 /* DemoLivingModule.h */ = {isa = PBXFileReference; fileEncoding = 4; lastKnownFileType = sourcecode.c.h; path = DemoLivingModule.h; sourceTree = "<group>"; };
		329EA5C4251A28E50042BDC8 /* DemoLivingModule.m */ = {isa = PBXFileReference; fileEncoding = 4; lastKnownFileType = sourcecode.c.objc; path = DemoLivingModule.m; sourceTree = "<group>"; };
		329EA5C6251A28E50042BDC8 /* DemoSearchModule.m */ = {isa = PBXFileReference; fileEncoding = 4; lastKnownFileType = sourcecode.c.objc; path = DemoSearchModule.m; sourceTree = "<group>"; };
		329EA5C7251A28E50042BDC8 /* DemoSearchCCell.h */ = {isa = PBXFileReference; fileEncoding = 4; lastKnownFileType = sourcecode.c.h; path = DemoSearchCCell.h; sourceTree = "<group>"; };
		329EA5C8251A28E50042BDC8 /* DemoSearchComponent.m */ = {isa = PBXFileReference; fileEncoding = 4; lastKnownFileType = sourcecode.c.objc; path = DemoSearchComponent.m; sourceTree = "<group>"; };
		329EA5C9251A28E50042BDC8 /* DemoSearchModule.h */ = {isa = PBXFileReference; fileEncoding = 4; lastKnownFileType = sourcecode.c.h; path = DemoSearchModule.h; sourceTree = "<group>"; };
		329EA5CA251A28E50042BDC8 /* DemoSearchCCell.m */ = {isa = PBXFileReference; fileEncoding = 4; lastKnownFileType = sourcecode.c.objc; path = DemoSearchCCell.m; sourceTree = "<group>"; };
		329EA5CB251A28E60042BDC8 /* DemoSearchComponent.h */ = {isa = PBXFileReference; fileEncoding = 4; lastKnownFileType = sourcecode.c.h; path = DemoSearchComponent.h; sourceTree = "<group>"; };
		329EA5CD251A28E60042BDC8 /* DemoContentCCell.m */ = {isa = PBXFileReference; fileEncoding = 4; lastKnownFileType = sourcecode.c.objc; path = DemoContentCCell.m; sourceTree = "<group>"; };
		329EA5CE251A28E60042BDC8 /* DemoListViewController.m */ = {isa = PBXFileReference; fileEncoding = 4; lastKnownFileType = sourcecode.c.objc; path = DemoListViewController.m; sourceTree = "<group>"; };
		329EA5CF251A28E60042BDC8 /* DemoCompositeListViewController.m */ = {isa = PBXFileReference; fileEncoding = 4; lastKnownFileType = sourcecode.c.objc; path = DemoCompositeListViewController.m; sourceTree = "<group>"; };
		329EA5D0251A28E60042BDC8 /* DemoContentCCell.h */ = {isa = PBXFileReference; fileEncoding = 4; lastKnownFileType = sourcecode.c.h; path = DemoContentCCell.h; sourceTree = "<group>"; };
		329EA5D1251A28E60042BDC8 /* DemoListViewController.h */ = {isa = PBXFileReference; fileEncoding = 4; lastKnownFileType = sourcecode.c.h; path = DemoListViewController.h; sourceTree = "<group>"; };
		329EA5D2251A28E60042BDC8 /* DemoCompositeListViewController.h */ = {isa = PBXFileReference; fileEncoding = 4; lastKnownFileType = sourcecode.c.h; path = DemoCompositeListViewController.h; sourceTree = "<group>"; };
		329EA5D4251A28E60042BDC8 /* DemoMineModule.h */ = {isa = PBXFileReference; fileEncoding = 4; lastKnownFileType = sourcecode.c.h; path = DemoMineModule.h; sourceTree = "<group>"; };
		329EA5D5251A28E60042BDC8 /* DemoMineComponent.h */ = {isa = PBXFileReference; fileEncoding = 4; lastKnownFileType = sourcecode.c.h; path = DemoMineComponent.h; sourceTree = "<group>"; };
		329EA5D6251A28E60042BDC8 /* DemoMineCCell.m */ = {isa = PBXFileReference; fileEncoding = 4; lastKnownFileType = sourcecode.c.objc; path = DemoMineCCell.m; sourceTree = "<group>"; };
		329EA5D7251A28E60042BDC8 /* DemoMineComponent.m */ = {isa = PBXFileReference; fileEncoding = 4; lastKnownFileType = sourcecode.c.objc; path = DemoMineComponent.m; sourceTree = "<group>"; };
		329EA5D8251A28E60042BDC8 /* DemoMineModule.m */ = {isa = PBXFileReference; fileEncoding = 4; lastKnownFileType = sourcecode.c.objc; path = DemoMineModule.m; sourceTree = "<group>"; };
		329EA5D9251A28E60042BDC8 /* DemoMineCCell.h */ = {isa = PBXFileReference; fileEncoding = 4; lastKnownFileType = sourcecode.c.h; path = DemoMineCCell.h; sourceTree = "<group>"; };
		329EA5DB251A28E60042BDC8 /* NSString+Common.h */ = {isa = PBXFileReference; fileEncoding = 4; lastKnownFileType = sourcecode.c.h; path = "NSString+Common.h"; sourceTree = "<group>"; };
		329EA5DC251A28E60042BDC8 /* UIColor+Common.m */ = {isa = PBXFileReference; fileEncoding = 4; lastKnownFileType = sourcecode.c.objc; path = "UIColor+Common.m"; sourceTree = "<group>"; };
		329EA5DD251A28E60042BDC8 /* NSObject+EaseRuntime.m */ = {isa = PBXFileReference; fileEncoding = 4; lastKnownFileType = sourcecode.c.objc; path = "NSObject+EaseRuntime.m"; sourceTree = "<group>"; };
		329EA5DE251A28E60042BDC8 /* NSArray+Sugar.h */ = {isa = PBXFileReference; fileEncoding = 4; lastKnownFileType = sourcecode.c.h; path = "NSArray+Sugar.h"; sourceTree = "<group>"; };
		329EA5DF251A28E60042BDC8 /* UIImage+Common.h */ = {isa = PBXFileReference; fileEncoding = 4; lastKnownFileType = sourcecode.c.h; path = "UIImage+Common.h"; sourceTree = "<group>"; };
		329EA5E0251A28E60042BDC8 /* NSString+Common.m */ = {isa = PBXFileReference; fileEncoding = 4; lastKnownFileType = sourcecode.c.objc; path = "NSString+Common.m"; sourceTree = "<group>"; };
		329EA5E1251A28E60042BDC8 /* UIColor+Common.h */ = {isa = PBXFileReference; fileEncoding = 4; lastKnownFileType = sourcecode.c.h; path = "UIColor+Common.h"; sourceTree = "<group>"; };
		329EA5E2251A28E60042BDC8 /* NSObject+EaseRuntime.h */ = {isa = PBXFileReference; fileEncoding = 4; lastKnownFileType = sourcecode.c.h; path = "NSObject+EaseRuntime.h"; sourceTree = "<group>"; };
		329EA5E3251A28E60042BDC8 /* UIImage+Common.m */ = {isa = PBXFileReference; fileEncoding = 4; lastKnownFileType = sourcecode.c.objc; path = "UIImage+Common.m"; sourceTree = "<group>"; };
		329EA5E4251A28E60042BDC8 /* NSArray+Sugar.m */ = {isa = PBXFileReference; fileEncoding = 4; lastKnownFileType = sourcecode.c.objc; path = "NSArray+Sugar.m"; sourceTree = "<group>"; };
		329EA5FE251A2A440042BDC8 /* UIView+SDExtension.h */ = {isa = PBXFileReference; fileEncoding = 4; lastKnownFileType = sourcecode.c.h; path = "UIView+SDExtension.h"; sourceTree = "<group>"; };
		329EA5FF251A2A440042BDC8 /* SDCycleScrollView.h */ = {isa = PBXFileReference; fileEncoding = 4; lastKnownFileType = sourcecode.c.h; path = SDCycleScrollView.h; sourceTree = "<group>"; };
		329EA600251A2A440042BDC8 /* SDCollectionViewCell.h */ = {isa = PBXFileReference; fileEncoding = 4; lastKnownFileType = sourcecode.c.h; path = SDCollectionViewCell.h; sourceTree = "<group>"; };
		329EA601251A2A440042BDC8 /* SDCycleScrollView.m */ = {isa = PBXFileReference; fileEncoding = 4; lastKnownFileType = sourcecode.c.objc; path = SDCycleScrollView.m; sourceTree = "<group>"; };
		329EA602251A2A440042BDC8 /* UIView+SDExtension.m */ = {isa = PBXFileReference; fileEncoding = 4; lastKnownFileType = sourcecode.c.objc; path = "UIView+SDExtension.m"; sourceTree = "<group>"; };
		329EA603251A2A440042BDC8 /* SDCollectionViewCell.m */ = {isa = PBXFileReference; fileEncoding = 4; lastKnownFileType = sourcecode.c.objc; path = SDCollectionViewCell.m; sourceTree = "<group>"; };
		329EA605251A2A440042BDC8 /* TAAbstractDotView.h */ = {isa = PBXFileReference; fileEncoding = 4; lastKnownFileType = sourcecode.c.h; path = TAAbstractDotView.h; sourceTree = "<group>"; };
		329EA606251A2A440042BDC8 /* TADotView.m */ = {isa = PBXFileReference; fileEncoding = 4; lastKnownFileType = sourcecode.c.objc; path = TADotView.m; sourceTree = "<group>"; };
		329EA607251A2A440042BDC8 /* TAPageControl.m */ = {isa = PBXFileReference; fileEncoding = 4; lastKnownFileType = sourcecode.c.objc; path = TAPageControl.m; sourceTree = "<group>"; };
		329EA608251A2A440042BDC8 /* TAAnimatedDotView.m */ = {isa = PBXFileReference; fileEncoding = 4; lastKnownFileType = sourcecode.c.objc; path = TAAnimatedDotView.m; sourceTree = "<group>"; };
		329EA609251A2A440042BDC8 /* TAAbstractDotView.m */ = {isa = PBXFileReference; fileEncoding = 4; lastKnownFileType = sourcecode.c.objc; path = TAAbstractDotView.m; sourceTree = "<group>"; };
		329EA60A251A2A440042BDC8 /* TADotView.h */ = {isa = PBXFileReference; fileEncoding = 4; lastKnownFileType = sourcecode.c.h; path = TADotView.h; sourceTree = "<group>"; };
		329EA60B251A2A440042BDC8 /* TAAnimatedDotView.h */ = {isa = PBXFileReference; fileEncoding = 4; lastKnownFileType = sourcecode.c.h; path = TAAnimatedDotView.h; sourceTree = "<group>"; };
		329EA60C251A2A440042BDC8 /* TAPageControl.h */ = {isa = PBXFileReference; fileEncoding = 4; lastKnownFileType = sourcecode.c.h; path = TAPageControl.h; sourceTree = "<group>"; };
		329EA614251ADFD40042BDC8 /* huaban.json */ = {isa = PBXFileReference; fileEncoding = 4; lastKnownFileType = text.json; path = huaban.json; sourceTree = "<group>"; };
		329EA615251ADFD40042BDC8 /* music.json */ = {isa = PBXFileReference; fileEncoding = 4; lastKnownFileType = text.json; path = music.json; sourceTree = "<group>"; };
		391508D82715F7DC2C48BE2D /* EaseModule.podspec */ = {isa = PBXFileReference; includeInIndex = 1; lastKnownFileType = text; name = EaseModule.podspec; path = ../EaseModule.podspec; sourceTree = "<group>"; xcLanguageSpecificationIdentifier = xcode.lang.ruby; };
		6003F58A195388D20070C39A /* EaseModule_Example.app */ = {isa = PBXFileReference; explicitFileType = wrapper.application; includeInIndex = 0; path = EaseModule_Example.app; sourceTree = BUILT_PRODUCTS_DIR; };
		6003F58D195388D20070C39A /* Foundation.framework */ = {isa = PBXFileReference; lastKnownFileType = wrapper.framework; name = Foundation.framework; path = System/Library/Frameworks/Foundation.framework; sourceTree = SDKROOT; };
		6003F58F195388D20070C39A /* CoreGraphics.framework */ = {isa = PBXFileReference; lastKnownFileType = wrapper.framework; name = CoreGraphics.framework; path = System/Library/Frameworks/CoreGraphics.framework; sourceTree = SDKROOT; };
		6003F591195388D20070C39A /* UIKit.framework */ = {isa = PBXFileReference; lastKnownFileType = wrapper.framework; name = UIKit.framework; path = System/Library/Frameworks/UIKit.framework; sourceTree = SDKROOT; };
		6003F595195388D20070C39A /* EaseModule-Info.plist */ = {isa = PBXFileReference; lastKnownFileType = text.plist.xml; path = "EaseModule-Info.plist"; sourceTree = "<group>"; };
		6003F597195388D20070C39A /* en */ = {isa = PBXFileReference; lastKnownFileType = text.plist.strings; name = en; path = en.lproj/InfoPlist.strings; sourceTree = "<group>"; };
		6003F599195388D20070C39A /* main.m */ = {isa = PBXFileReference; lastKnownFileType = sourcecode.c.objc; path = main.m; sourceTree = "<group>"; };
		6003F59B195388D20070C39A /* EaseModule-Prefix.pch */ = {isa = PBXFileReference; lastKnownFileType = sourcecode.c.h; path = "EaseModule-Prefix.pch"; sourceTree = "<group>"; };
		6003F59C195388D20070C39A /* XXAppDelegate.h */ = {isa = PBXFileReference; lastKnownFileType = sourcecode.c.h; path = XXAppDelegate.h; sourceTree = "<group>"; };
		6003F59D195388D20070C39A /* XXAppDelegate.m */ = {isa = PBXFileReference; lastKnownFileType = sourcecode.c.objc; path = XXAppDelegate.m; sourceTree = "<group>"; };
		6003F5A5195388D20070C39A /* XXViewController.h */ = {isa = PBXFileReference; lastKnownFileType = sourcecode.c.h; path = XXViewController.h; sourceTree = "<group>"; };
		6003F5A6195388D20070C39A /* XXViewController.m */ = {isa = PBXFileReference; lastKnownFileType = sourcecode.c.objc; path = XXViewController.m; sourceTree = "<group>"; };
		6003F5A8195388D20070C39A /* Images.xcassets */ = {isa = PBXFileReference; lastKnownFileType = folder.assetcatalog; path = Images.xcassets; sourceTree = "<group>"; };
		6003F5AE195388D20070C39A /* EaseModule_Tests.xctest */ = {isa = PBXFileReference; explicitFileType = wrapper.cfbundle; includeInIndex = 0; path = EaseModule_Tests.xctest; sourceTree = BUILT_PRODUCTS_DIR; };
		6003F5AF195388D20070C39A /* XCTest.framework */ = {isa = PBXFileReference; lastKnownFileType = wrapper.framework; name = XCTest.framework; path = Library/Frameworks/XCTest.framework; sourceTree = DEVELOPER_DIR; };
		6003F5B7195388D20070C39A /* Tests-Info.plist */ = {isa = PBXFileReference; lastKnownFileType = text.plist.xml; path = "Tests-Info.plist"; sourceTree = "<group>"; };
		6003F5B9195388D20070C39A /* en */ = {isa = PBXFileReference; lastKnownFileType = text.plist.strings; name = en; path = en.lproj/InfoPlist.strings; sourceTree = "<group>"; };
		6003F5BB195388D20070C39A /* Tests.m */ = {isa = PBXFileReference; lastKnownFileType = sourcecode.c.objc; path = Tests.m; sourceTree = "<group>"; };
		606FC2411953D9B200FFA9A0 /* Tests-Prefix.pch */ = {isa = PBXFileReference; lastKnownFileType = sourcecode.c.h; path = "Tests-Prefix.pch"; sourceTree = "<group>"; };
		71719F9E1E33DC2100824A3D /* Base */ = {isa = PBXFileReference; lastKnownFileType = file.storyboard; name = Base; path = Base.lproj/LaunchScreen.storyboard; sourceTree = "<group>"; };
		7276E9531AAFB6FF0543A22E /* Pods_EaseModule_Tests.framework */ = {isa = PBXFileReference; explicitFileType = wrapper.framework; includeInIndex = 0; path = Pods_EaseModule_Tests.framework; sourceTree = BUILT_PRODUCTS_DIR; };
		873B8AEA1B1F5CCA007FD442 /* Main.storyboard */ = {isa = PBXFileReference; fileEncoding = 4; lastKnownFileType = file.storyboard; name = Main.storyboard; path = Base.lproj/Main.storyboard; sourceTree = "<group>"; };
		907462B98B587FF4B3413C93 /* LICENSE */ = {isa = PBXFileReference; includeInIndex = 1; lastKnownFileType = text; name = LICENSE; path = ../LICENSE; sourceTree = "<group>"; };
		B71D8CDDA4919C113986A927 /* Pods_EaseModule_Example.framework */ = {isa = PBXFileReference; explicitFileType = wrapper.framework; includeInIndex = 0; path = Pods_EaseModule_Example.framework; sourceTree = BUILT_PRODUCTS_DIR; };
		D075930C725F4121370019C6 /* Pods-EaseModule_Example.release.xcconfig */ = {isa = PBXFileReference; includeInIndex = 1; lastKnownFileType = text.xcconfig; name = "Pods-EaseModule_Example.release.xcconfig"; path = "Target Support Files/Pods-EaseModule_Example/Pods-EaseModule_Example.release.xcconfig"; sourceTree = "<group>"; };
/* End PBXFileReference section */

/* Begin PBXFrameworksBuildPhase section */
		6003F587195388D20070C39A /* Frameworks */ = {
			isa = PBXFrameworksBuildPhase;
			buildActionMask = 2147483647;
			files = (
				6003F590195388D20070C39A /* CoreGraphics.framework in Frameworks */,
				6003F592195388D20070C39A /* UIKit.framework in Frameworks */,
				6003F58E195388D20070C39A /* Foundation.framework in Frameworks */,
				2A066588D5959BA2F5ECFA09 /* Pods_EaseModule_Example.framework in Frameworks */,
			);
			runOnlyForDeploymentPostprocessing = 0;
		};
		6003F5AB195388D20070C39A /* Frameworks */ = {
			isa = PBXFrameworksBuildPhase;
			buildActionMask = 2147483647;
			files = (
				6003F5B0195388D20070C39A /* XCTest.framework in Frameworks */,
				6003F5B2195388D20070C39A /* UIKit.framework in Frameworks */,
				6003F5B1195388D20070C39A /* Foundation.framework in Frameworks */,
				3A3D9F8BF891C084C25E6BAD /* Pods_EaseModule_Tests.framework in Frameworks */,
			);
			runOnlyForDeploymentPostprocessing = 0;
		};
/* End PBXFrameworksBuildPhase section */

/* Begin PBXGroup section */
		329EA5AB251A28E50042BDC8 /* Demo */ = {
			isa = PBXGroup;
			children = (
				329EA5CC251A28E60042BDC8 /* List */,
				329EA5AC251A28E50042BDC8 /* Music */,
				329EA5B3251A28E50042BDC8 /* Video */,
				329EA5BA251A28E50042BDC8 /* Shopping */,
				329EA5BF251A28E50042BDC8 /* Huaban */,
				329EA5C2251A28E50042BDC8 /* Living */,
				329EA5C5251A28E50042BDC8 /* Search */,
				329EA5D3251A28E60042BDC8 /* Mine */,
			);
			path = Demo;
			sourceTree = "<group>";
		};
		329EA5AC251A28E50042BDC8 /* Music */ = {
			isa = PBXGroup;
			children = (
				329EA5AD251A28E50042BDC8 /* DemoMusicCCell.h */,
				329EA5B0251A28E50042BDC8 /* DemoMusicCCell.m */,
				329EA5B2251A28E50042BDC8 /* DemoMusicComponent.h */,
				329EA5AF251A28E50042BDC8 /* DemoMusicComponent.m */,
				329EA5B1251A28E50042BDC8 /* DemoMusicModule.h */,
				329EA5AE251A28E50042BDC8 /* DemoMusicModule.m */,
			);
			path = Music;
			sourceTree = "<group>";
		};
		329EA5B3251A28E50042BDC8 /* Video */ = {
			isa = PBXGroup;
			children = (
				329EA5B9251A28E50042BDC8 /* DemoVideoCCell.h */,
				329EA5B6251A28E50042BDC8 /* DemoVideoCCell.m */,
				329EA5B5251A28E50042BDC8 /* DemoVideoComponent.h */,
				329EA5B8251A28E50042BDC8 /* DemoVideoComponent.m */,
				329EA5B4251A28E50042BDC8 /* DemoVideoModule.h */,
				329EA5B7251A28E50042BDC8 /* DemoVideoModule.m */,
			);
			path = Video;
			sourceTree = "<group>";
		};
		329EA5BA251A28E50042BDC8 /* Shopping */ = {
			isa = PBXGroup;
			children = (
				329EA5BC251A28E50042BDC8 /* DemoShoppingComponent.h */,
				329EA5BE251A28E50042BDC8 /* DemoShoppingComponent.m */,
				329EA5BB251A28E50042BDC8 /* DemoShoppingModule.h */,
				329EA5BD251A28E50042BDC8 /* DemoShoppingModule.m */,
			);
			path = Shopping;
			sourceTree = "<group>";
		};
		329EA5BF251A28E50042BDC8 /* Huaban */ = {
			isa = PBXGroup;
			children = (
				329EA5C1251A28E50042BDC8 /* DemoHuabanModule.h */,
				329EA5C0251A28E50042BDC8 /* DemoHuabanModule.m */,
			);
			path = Huaban;
			sourceTree = "<group>";
		};
		329EA5C2251A28E50042BDC8 /* Living */ = {
			isa = PBXGroup;
			children = (
				329EA5C3251A28E50042BDC8 /* DemoLivingModule.h */,
				329EA5C4251A28E50042BDC8 /* DemoLivingModule.m */,
			);
			path = Living;
			sourceTree = "<group>";
		};
		329EA5C5251A28E50042BDC8 /* Search */ = {
			isa = PBXGroup;
			children = (
				329EA5C7251A28E50042BDC8 /* DemoSearchCCell.h */,
				329EA5CA251A28E50042BDC8 /* DemoSearchCCell.m */,
				329EA5CB251A28E60042BDC8 /* DemoSearchComponent.h */,
				329EA5C8251A28E50042BDC8 /* DemoSearchComponent.m */,
				329EA5C9251A28E50042BDC8 /* DemoSearchModule.h */,
				329EA5C6251A28E50042BDC8 /* DemoSearchModule.m */,
			);
			path = Search;
			sourceTree = "<group>";
		};
		329EA5CC251A28E60042BDC8 /* List */ = {
			isa = PBXGroup;
			children = (
				329EA5D2251A28E60042BDC8 /* DemoCompositeListViewController.h */,
				329EA5CF251A28E60042BDC8 /* DemoCompositeListViewController.m */,
				329EA5D0251A28E60042BDC8 /* DemoContentCCell.h */,
				329EA5CD251A28E60042BDC8 /* DemoContentCCell.m */,
				329EA5D1251A28E60042BDC8 /* DemoListViewController.h */,
				329EA5CE251A28E60042BDC8 /* DemoListViewController.m */,
			);
			path = List;
			sourceTree = "<group>";
		};
		329EA5D3251A28E60042BDC8 /* Mine */ = {
			isa = PBXGroup;
			children = (
				329EA5D9251A28E60042BDC8 /* DemoMineCCell.h */,
				329EA5D6251A28E60042BDC8 /* DemoMineCCell.m */,
				329EA5D5251A28E60042BDC8 /* DemoMineComponent.h */,
				329EA5D7251A28E60042BDC8 /* DemoMineComponent.m */,
				329EA5D4251A28E60042BDC8 /* DemoMineModule.h */,
				329EA5D8251A28E60042BDC8 /* DemoMineModule.m */,
			);
			path = Mine;
			sourceTree = "<group>";
		};
		329EA5DA251A28E60042BDC8 /* Category */ = {
			isa = PBXGroup;
			children = (
				329EA5DB251A28E60042BDC8 /* NSString+Common.h */,
				329EA5DC251A28E60042BDC8 /* UIColor+Common.m */,
				329EA5DD251A28E60042BDC8 /* NSObject+EaseRuntime.m */,
				329EA5DE251A28E60042BDC8 /* NSArray+Sugar.h */,
				329EA5DF251A28E60042BDC8 /* UIImage+Common.h */,
				329EA5E0251A28E60042BDC8 /* NSString+Common.m */,
				329EA5E1251A28E60042BDC8 /* UIColor+Common.h */,
				329EA5E2251A28E60042BDC8 /* NSObject+EaseRuntime.h */,
				329EA5E3251A28E60042BDC8 /* UIImage+Common.m */,
				329EA5E4251A28E60042BDC8 /* NSArray+Sugar.m */,
			);
			path = Category;
			sourceTree = "<group>";
		};
		329EA5FD251A2A440042BDC8 /* SDCycleScrollView */ = {
			isa = PBXGroup;
			children = (
				329EA5FE251A2A440042BDC8 /* UIView+SDExtension.h */,
				329EA5FF251A2A440042BDC8 /* SDCycleScrollView.h */,
				329EA600251A2A440042BDC8 /* SDCollectionViewCell.h */,
				329EA601251A2A440042BDC8 /* SDCycleScrollView.m */,
				329EA602251A2A440042BDC8 /* UIView+SDExtension.m */,
				329EA603251A2A440042BDC8 /* SDCollectionViewCell.m */,
				329EA604251A2A440042BDC8 /* PageControl */,
			);
			path = SDCycleScrollView;
			sourceTree = "<group>";
		};
		329EA604251A2A440042BDC8 /* PageControl */ = {
			isa = PBXGroup;
			children = (
				329EA605251A2A440042BDC8 /* TAAbstractDotView.h */,
				329EA606251A2A440042BDC8 /* TADotView.m */,
				329EA607251A2A440042BDC8 /* TAPageControl.m */,
				329EA608251A2A440042BDC8 /* TAAnimatedDotView.m */,
				329EA609251A2A440042BDC8 /* TAAbstractDotView.m */,
				329EA60A251A2A440042BDC8 /* TADotView.h */,
				329EA60B251A2A440042BDC8 /* TAAnimatedDotView.h */,
				329EA60C251A2A440042BDC8 /* TAPageControl.h */,
			);
			path = PageControl;
			sourceTree = "<group>";
		};
		6003F581195388D10070C39A = {
			isa = PBXGroup;
			children = (
				60FF7A9C1954A5C5007DD14C /* Podspec Metadata */,
				6003F593195388D20070C39A /* Example for EaseModule */,
				6003F5B5195388D20070C39A /* Tests */,
				6003F58C195388D20070C39A /* Frameworks */,
				6003F58B195388D20070C39A /* Products */,
				BF019A0A103667A674C43496 /* Pods */,
			);
			sourceTree = "<group>";
		};
		6003F58B195388D20070C39A /* Products */ = {
			isa = PBXGroup;
			children = (
				6003F58A195388D20070C39A /* EaseModule_Example.app */,
				6003F5AE195388D20070C39A /* EaseModule_Tests.xctest */,
			);
			name = Products;
			sourceTree = "<group>";
		};
		6003F58C195388D20070C39A /* Frameworks */ = {
			isa = PBXGroup;
			children = (
				6003F58D195388D20070C39A /* Foundation.framework */,
				6003F58F195388D20070C39A /* CoreGraphics.framework */,
				6003F591195388D20070C39A /* UIKit.framework */,
				6003F5AF195388D20070C39A /* XCTest.framework */,
				B71D8CDDA4919C113986A927 /* Pods_EaseModule_Example.framework */,
				7276E9531AAFB6FF0543A22E /* Pods_EaseModule_Tests.framework */,
			);
			name = Frameworks;
			sourceTree = "<group>";
		};
		6003F593195388D20070C39A /* Example for EaseModule */ = {
			isa = PBXGroup;
			children = (
				6003F59C195388D20070C39A /* XXAppDelegate.h */,
				6003F59D195388D20070C39A /* XXAppDelegate.m */,
				873B8AEA1B1F5CCA007FD442 /* Main.storyboard */,
				6003F5A5195388D20070C39A /* XXViewController.h */,
				6003F5A6195388D20070C39A /* XXViewController.m */,
				329EA5AB251A28E50042BDC8 /* Demo */,
				329EA5FD251A2A440042BDC8 /* SDCycleScrollView */,
				329EA5DA251A28E60042BDC8 /* Category */,
				71719F9D1E33DC2100824A3D /* LaunchScreen.storyboard */,
				6003F5A8195388D20070C39A /* Images.xcassets */,
				6003F594195388D20070C39A /* Supporting Files */,
			);
			name = "Example for EaseModule";
			path = EaseModule;
			sourceTree = "<group>";
		};
		6003F594195388D20070C39A /* Supporting Files */ = {
			isa = PBXGroup;
			children = (
				329EA614251ADFD40042BDC8 /* huaban.json */,
				329EA615251ADFD40042BDC8 /* music.json */,
				6003F595195388D20070C39A /* EaseModule-Info.plist */,
				6003F596195388D20070C39A /* InfoPlist.strings */,
				6003F599195388D20070C39A /* main.m */,
				6003F59B195388D20070C39A /* EaseModule-Prefix.pch */,
			);
			name = "Supporting Files";
			sourceTree = "<group>";
		};
		6003F5B5195388D20070C39A /* Tests */ = {
			isa = PBXGroup;
			children = (
				6003F5BB195388D20070C39A /* Tests.m */,
				6003F5B6195388D20070C39A /* Supporting Files */,
			);
			path = Tests;
			sourceTree = "<group>";
		};
		6003F5B6195388D20070C39A /* Supporting Files */ = {
			isa = PBXGroup;
			children = (
				6003F5B7195388D20070C39A /* Tests-Info.plist */,
				6003F5B8195388D20070C39A /* InfoPlist.strings */,
				606FC2411953D9B200FFA9A0 /* Tests-Prefix.pch */,
			);
			name = "Supporting Files";
			sourceTree = "<group>";
		};
		60FF7A9C1954A5C5007DD14C /* Podspec Metadata */ = {
			isa = PBXGroup;
			children = (
				391508D82715F7DC2C48BE2D /* EaseModule.podspec */,
				25F480156B13CCA4D03E851C /* README.md */,
				907462B98B587FF4B3413C93 /* LICENSE */,
			);
			name = "Podspec Metadata";
			sourceTree = "<group>";
		};
		BF019A0A103667A674C43496 /* Pods */ = {
			isa = PBXGroup;
			children = (
				2F4F95982490873E2EB81142 /* Pods-EaseModule_Example.debug.xcconfig */,
				D075930C725F4121370019C6 /* Pods-EaseModule_Example.release.xcconfig */,
				1B0F7C23F1A387E31E05481A /* Pods-EaseModule_Tests.debug.xcconfig */,
				0313CC12E62DC91523959565 /* Pods-EaseModule_Tests.release.xcconfig */,
			);
			path = Pods;
			sourceTree = "<group>";
		};
/* End PBXGroup section */

/* Begin PBXNativeTarget section */
		6003F589195388D20070C39A /* EaseModule_Example */ = {
			isa = PBXNativeTarget;
			buildConfigurationList = 6003F5BF195388D20070C39A /* Build configuration list for PBXNativeTarget "EaseModule_Example" */;
			buildPhases = (
				365D4BABA276CE3B18E94613 /* [CP] Check Pods Manifest.lock */,
				6003F586195388D20070C39A /* Sources */,
				6003F587195388D20070C39A /* Frameworks */,
				6003F588195388D20070C39A /* Resources */,
				310686F541E9AE959D9C146A /* [CP] Embed Pods Frameworks */,
			);
			buildRules = (
			);
			dependencies = (
			);
			name = EaseModule_Example;
			productName = EaseModule;
			productReference = 6003F58A195388D20070C39A /* EaseModule_Example.app */;
			productType = "com.apple.product-type.application";
		};
		6003F5AD195388D20070C39A /* EaseModule_Tests */ = {
			isa = PBXNativeTarget;
			buildConfigurationList = 6003F5C2195388D20070C39A /* Build configuration list for PBXNativeTarget "EaseModule_Tests" */;
			buildPhases = (
				1560EAC574F37E2B5FBDF447 /* [CP] Check Pods Manifest.lock */,
				6003F5AA195388D20070C39A /* Sources */,
				6003F5AB195388D20070C39A /* Frameworks */,
				6003F5AC195388D20070C39A /* Resources */,
			);
			buildRules = (
			);
			dependencies = (
				6003F5B4195388D20070C39A /* PBXTargetDependency */,
			);
			name = EaseModule_Tests;
			productName = EaseModuleTests;
			productReference = 6003F5AE195388D20070C39A /* EaseModule_Tests.xctest */;
			productType = "com.apple.product-type.bundle.unit-test";
		};
/* End PBXNativeTarget section */

/* Begin PBXProject section */
		6003F582195388D10070C39A /* Project object */ = {
			isa = PBXProject;
			attributes = {
				CLASSPREFIX = XX;
				LastUpgradeCheck = 0720;
				ORGANIZATIONNAME = Yrocky;
				TargetAttributes = {
					6003F5AD195388D20070C39A = {
						TestTargetID = 6003F589195388D20070C39A;
					};
				};
			};
			buildConfigurationList = 6003F585195388D10070C39A /* Build configuration list for PBXProject "EaseModule" */;
			compatibilityVersion = "Xcode 3.2";
			developmentRegion = English;
			hasScannedForEncodings = 0;
			knownRegions = (
				English,
				en,
				Base,
			);
			mainGroup = 6003F581195388D10070C39A;
			productRefGroup = 6003F58B195388D20070C39A /* Products */;
			projectDirPath = "";
			projectRoot = "";
			targets = (
				6003F589195388D20070C39A /* EaseModule_Example */,
				6003F5AD195388D20070C39A /* EaseModule_Tests */,
			);
		};
/* End PBXProject section */

/* Begin PBXResourcesBuildPhase section */
		6003F588195388D20070C39A /* Resources */ = {
			isa = PBXResourcesBuildPhase;
			buildActionMask = 2147483647;
			files = (
				329EA616251ADFD40042BDC8 /* huaban.json in Resources */,
				329EA617251ADFD40042BDC8 /* music.json in Resources */,
				873B8AEB1B1F5CCA007FD442 /* Main.storyboard in Resources */,
				71719F9F1E33DC2100824A3D /* LaunchScreen.storyboard in Resources */,
				6003F5A9195388D20070C39A /* Images.xcassets in Resources */,
				6003F598195388D20070C39A /* InfoPlist.strings in Resources */,
			);
			runOnlyForDeploymentPostprocessing = 0;
		};
		6003F5AC195388D20070C39A /* Resources */ = {
			isa = PBXResourcesBuildPhase;
			buildActionMask = 2147483647;
			files = (
				6003F5BA195388D20070C39A /* InfoPlist.strings in Resources */,
			);
			runOnlyForDeploymentPostprocessing = 0;
		};
/* End PBXResourcesBuildPhase section */

/* Begin PBXShellScriptBuildPhase section */
		1560EAC574F37E2B5FBDF447 /* [CP] Check Pods Manifest.lock */ = {
			isa = PBXShellScriptBuildPhase;
			buildActionMask = 2147483647;
			files = (
			);
			inputFileListPaths = (
			);
			inputPaths = (
				"${PODS_PODFILE_DIR_PATH}/Podfile.lock",
				"${PODS_ROOT}/Manifest.lock",
			);
			name = "[CP] Check Pods Manifest.lock";
			outputFileListPaths = (
			);
			outputPaths = (
				"$(DERIVED_FILE_DIR)/Pods-EaseModule_Tests-checkManifestLockResult.txt",
			);
			runOnlyForDeploymentPostprocessing = 0;
			shellPath = /bin/sh;
			shellScript = "diff \"${PODS_PODFILE_DIR_PATH}/Podfile.lock\" \"${PODS_ROOT}/Manifest.lock\" > /dev/null\nif [ $? != 0 ] ; then\n    # print error to STDERR\n    echo \"error: The sandbox is not in sync with the Podfile.lock. Run 'pod install' or update your CocoaPods installation.\" >&2\n    exit 1\nfi\n# This output is used by Xcode 'outputs' to avoid re-running this script phase.\necho \"SUCCESS\" > \"${SCRIPT_OUTPUT_FILE_0}\"\n";
			showEnvVarsInLog = 0;
		};
		310686F541E9AE959D9C146A /* [CP] Embed Pods Frameworks */ = {
			isa = PBXShellScriptBuildPhase;
			buildActionMask = 2147483647;
			files = (
			);
			inputPaths = (
				"${PODS_ROOT}/Target Support Files/Pods-EaseModule_Example/Pods-EaseModule_Example-frameworks.sh",
				"${BUILT_PRODUCTS_DIR}/AFNetworking/AFNetworking.framework",
				"${BUILT_PRODUCTS_DIR}/EaseAttributedBuilder/EaseAttributedBuilder.framework",
				"${BUILT_PRODUCTS_DIR}/EaseModule/EaseModule.framework",
				"${BUILT_PRODUCTS_DIR}/EaseRefreshProxy/EaseRefreshProxy.framework",
				"${BUILT_PRODUCTS_DIR}/JXCategoryView/JXCategoryView.framework",
				"${BUILT_PRODUCTS_DIR}/JXPagingView/JXPagingView.framework",
				"${BUILT_PRODUCTS_DIR}/MJRefresh/MJRefresh.framework",
				"${BUILT_PRODUCTS_DIR}/Masonry/Masonry.framework",
				"${BUILT_PRODUCTS_DIR}/SDWebImage/SDWebImage.framework",
				"${BUILT_PRODUCTS_DIR}/YTKNetwork/YTKNetwork.framework",
			);
			name = "[CP] Embed Pods Frameworks";
			outputPaths = (
				"${TARGET_BUILD_DIR}/${FRAMEWORKS_FOLDER_PATH}/AFNetworking.framework",
				"${TARGET_BUILD_DIR}/${FRAMEWORKS_FOLDER_PATH}/EaseAttributedBuilder.framework",
				"${TARGET_BUILD_DIR}/${FRAMEWORKS_FOLDER_PATH}/EaseModule.framework",
				"${TARGET_BUILD_DIR}/${FRAMEWORKS_FOLDER_PATH}/EaseRefreshProxy.framework",
				"${TARGET_BUILD_DIR}/${FRAMEWORKS_FOLDER_PATH}/JXCategoryView.framework",
				"${TARGET_BUILD_DIR}/${FRAMEWORKS_FOLDER_PATH}/JXPagingView.framework",
				"${TARGET_BUILD_DIR}/${FRAMEWORKS_FOLDER_PATH}/MJRefresh.framework",
				"${TARGET_BUILD_DIR}/${FRAMEWORKS_FOLDER_PATH}/Masonry.framework",
				"${TARGET_BUILD_DIR}/${FRAMEWORKS_FOLDER_PATH}/SDWebImage.framework",
				"${TARGET_BUILD_DIR}/${FRAMEWORKS_FOLDER_PATH}/YTKNetwork.framework",
			);
			runOnlyForDeploymentPostprocessing = 0;
			shellPath = /bin/sh;
			shellScript = "\"${PODS_ROOT}/Target Support Files/Pods-EaseModule_Example/Pods-EaseModule_Example-frameworks.sh\"\n";
			showEnvVarsInLog = 0;
		};
		365D4BABA276CE3B18E94613 /* [CP] Check Pods Manifest.lock */ = {
			isa = PBXShellScriptBuildPhase;
			buildActionMask = 2147483647;
			files = (
			);
			inputFileListPaths = (
			);
			inputPaths = (
				"${PODS_PODFILE_DIR_PATH}/Podfile.lock",
				"${PODS_ROOT}/Manifest.lock",
			);
			name = "[CP] Check Pods Manifest.lock";
			outputFileListPaths = (
			);
			outputPaths = (
				"$(DERIVED_FILE_DIR)/Pods-EaseModule_Example-checkManifestLockResult.txt",
			);
			runOnlyForDeploymentPostprocessing = 0;
			shellPath = /bin/sh;
			shellScript = "diff \"${PODS_PODFILE_DIR_PATH}/Podfile.lock\" \"${PODS_ROOT}/Manifest.lock\" > /dev/null\nif [ $? != 0 ] ; then\n    # print error to STDERR\n    echo \"error: The sandbox is not in sync with the Podfile.lock. Run 'pod install' or update your CocoaPods installation.\" >&2\n    exit 1\nfi\n# This output is used by Xcode 'outputs' to avoid re-running this script phase.\necho \"SUCCESS\" > \"${SCRIPT_OUTPUT_FILE_0}\"\n";
			showEnvVarsInLog = 0;
		};
/* End PBXShellScriptBuildPhase section */

/* Begin PBXSourcesBuildPhase section */
		6003F586195388D20070C39A /* Sources */ = {
			isa = PBXSourcesBuildPhase;
			buildActionMask = 2147483647;
			files = (
				329EA5E7251A28E60042BDC8 /* DemoMusicCCell.m in Sources */,
				329EA5EA251A28E60042BDC8 /* DemoVideoComponent.m in Sources */,
				329EA5E5251A28E60042BDC8 /* DemoMusicModule.m in Sources */,
				329EA5F8251A28E60042BDC8 /* UIColor+Common.m in Sources */,
				329EA5F5251A28E60042BDC8 /* DemoMineCCell.m in Sources */,
				329EA5E8251A28E60042BDC8 /* DemoVideoCCell.m in Sources */,
				329EA5F9251A28E60042BDC8 /* NSObject+EaseRuntime.m in Sources */,
				329EA610251A2A440042BDC8 /* TADotView.m in Sources */,
				329EA5EF251A28E60042BDC8 /* DemoSearchModule.m in Sources */,
				6003F59E195388D20070C39A /* XXAppDelegate.m in Sources */,
				329EA5FA251A28E60042BDC8 /* NSString+Common.m in Sources */,
				6003F5A7195388D20070C39A /* XXViewController.m in Sources */,
				329EA5F4251A28E60042BDC8 /* DemoCompositeListViewController.m in Sources */,
				329EA5F7251A28E60042BDC8 /* DemoMineModule.m in Sources */,
				329EA5EB251A28E60042BDC8 /* DemoShoppingModule.m in Sources */,
				329EA5EE251A28E60042BDC8 /* DemoLivingModule.m in Sources */,
				329EA60D251A2A440042BDC8 /* SDCycleScrollView.m in Sources */,
				329EA5ED251A28E60042BDC8 /* DemoHuabanModule.m in Sources */,
				329EA5F2251A28E60042BDC8 /* DemoContentCCell.m in Sources */,
				329EA5F3251A28E60042BDC8 /* DemoListViewController.m in Sources */,
				329EA5F1251A28E60042BDC8 /* DemoSearchCCell.m in Sources */,
				6003F59A195388D20070C39A /* main.m in Sources */,
				329EA60E251A2A440042BDC8 /* UIView+SDExtension.m in Sources */,
				329EA5F0251A28E60042BDC8 /* DemoSearchComponent.m in Sources */,
				329EA60F251A2A440042BDC8 /* SDCollectionViewCell.m in Sources */,
				329EA613251A2A440042BDC8 /* TAAbstractDotView.m in Sources */,
				329EA5E9251A28E60042BDC8 /* DemoVideoModule.m in Sources */,
				329EA5FB251A28E60042BDC8 /* UIImage+Common.m in Sources */,
				329EA5F6251A28E60042BDC8 /* DemoMineComponent.m in Sources */,
				329EA5EC251A28E60042BDC8 /* DemoShoppingComponent.m in Sources */,
				329EA611251A2A440042BDC8 /* TAPageControl.m in Sources */,
				329EA5FC251A28E60042BDC8 /* NSArray+Sugar.m in Sources */,
				329EA5E6251A28E60042BDC8 /* DemoMusicComponent.m in Sources */,
				329EA612251A2A440042BDC8 /* TAAnimatedDotView.m in Sources */,
			);
			runOnlyForDeploymentPostprocessing = 0;
		};
		6003F5AA195388D20070C39A /* Sources */ = {
			isa = PBXSourcesBuildPhase;
			buildActionMask = 2147483647;
			files = (
				6003F5BC195388D20070C39A /* Tests.m in Sources */,
			);
			runOnlyForDeploymentPostprocessing = 0;
		};
/* End PBXSourcesBuildPhase section */

/* Begin PBXTargetDependency section */
		6003F5B4195388D20070C39A /* PBXTargetDependency */ = {
			isa = PBXTargetDependency;
			target = 6003F589195388D20070C39A /* EaseModule_Example */;
			targetProxy = 6003F5B3195388D20070C39A /* PBXContainerItemProxy */;
		};
/* End PBXTargetDependency section */

/* Begin PBXVariantGroup section */
		6003F596195388D20070C39A /* InfoPlist.strings */ = {
			isa = PBXVariantGroup;
			children = (
				6003F597195388D20070C39A /* en */,
			);
			name = InfoPlist.strings;
			sourceTree = "<group>";
		};
		6003F5B8195388D20070C39A /* InfoPlist.strings */ = {
			isa = PBXVariantGroup;
			children = (
				6003F5B9195388D20070C39A /* en */,
			);
			name = InfoPlist.strings;
			sourceTree = "<group>";
		};
		71719F9D1E33DC2100824A3D /* LaunchScreen.storyboard */ = {
			isa = PBXVariantGroup;
			children = (
				71719F9E1E33DC2100824A3D /* Base */,
			);
			name = LaunchScreen.storyboard;
			sourceTree = "<group>";
		};
/* End PBXVariantGroup section */

/* Begin XCBuildConfiguration section */
		6003F5BD195388D20070C39A /* Debug */ = {
			isa = XCBuildConfiguration;
			buildSettings = {
				ALWAYS_SEARCH_USER_PATHS = NO;
				CLANG_CXX_LANGUAGE_STANDARD = "gnu++0x";
				CLANG_CXX_LIBRARY = "libc++";
				CLANG_ENABLE_MODULES = YES;
				CLANG_ENABLE_OBJC_ARC = YES;
				CLANG_WARN_BOOL_CONVERSION = YES;
				CLANG_WARN_CONSTANT_CONVERSION = YES;
				CLANG_WARN_DIRECT_OBJC_ISA_USAGE = YES_ERROR;
				CLANG_WARN_EMPTY_BODY = YES;
				CLANG_WARN_ENUM_CONVERSION = YES;
				CLANG_WARN_INT_CONVERSION = YES;
				CLANG_WARN_OBJC_ROOT_CLASS = YES_ERROR;
				CLANG_WARN__DUPLICATE_METHOD_MATCH = YES;
				"CODE_SIGN_IDENTITY[sdk=iphoneos*]" = "iPhone Developer";
				COPY_PHASE_STRIP = NO;
				ENABLE_TESTABILITY = YES;
				GCC_C_LANGUAGE_STANDARD = gnu99;
				GCC_DYNAMIC_NO_PIC = NO;
				GCC_OPTIMIZATION_LEVEL = 0;
				GCC_PREPROCESSOR_DEFINITIONS = (
					"DEBUG=1",
					"$(inherited)",
				);
				GCC_SYMBOLS_PRIVATE_EXTERN = NO;
				GCC_WARN_64_TO_32_BIT_CONVERSION = YES;
				GCC_WARN_ABOUT_RETURN_TYPE = YES_ERROR;
				GCC_WARN_UNDECLARED_SELECTOR = YES;
				GCC_WARN_UNINITIALIZED_AUTOS = YES_AGGRESSIVE;
				GCC_WARN_UNUSED_FUNCTION = YES;
				GCC_WARN_UNUSED_VARIABLE = YES;
				IPHONEOS_DEPLOYMENT_TARGET = 9.3;
				ONLY_ACTIVE_ARCH = YES;
				SDKROOT = iphoneos;
				TARGETED_DEVICE_FAMILY = "1,2";
			};
			name = Debug;
		};
		6003F5BE195388D20070C39A /* Release */ = {
			isa = XCBuildConfiguration;
			buildSettings = {
				ALWAYS_SEARCH_USER_PATHS = NO;
				CLANG_CXX_LANGUAGE_STANDARD = "gnu++0x";
				CLANG_CXX_LIBRARY = "libc++";
				CLANG_ENABLE_MODULES = YES;
				CLANG_ENABLE_OBJC_ARC = YES;
				CLANG_WARN_BOOL_CONVERSION = YES;
				CLANG_WARN_CONSTANT_CONVERSION = YES;
				CLANG_WARN_DIRECT_OBJC_ISA_USAGE = YES_ERROR;
				CLANG_WARN_EMPTY_BODY = YES;
				CLANG_WARN_ENUM_CONVERSION = YES;
				CLANG_WARN_INT_CONVERSION = YES;
				CLANG_WARN_OBJC_ROOT_CLASS = YES_ERROR;
				CLANG_WARN__DUPLICATE_METHOD_MATCH = YES;
				"CODE_SIGN_IDENTITY[sdk=iphoneos*]" = "iPhone Developer";
				COPY_PHASE_STRIP = YES;
				ENABLE_NS_ASSERTIONS = NO;
				GCC_C_LANGUAGE_STANDARD = gnu99;
				GCC_WARN_64_TO_32_BIT_CONVERSION = YES;
				GCC_WARN_ABOUT_RETURN_TYPE = YES_ERROR;
				GCC_WARN_UNDECLARED_SELECTOR = YES;
				GCC_WARN_UNINITIALIZED_AUTOS = YES_AGGRESSIVE;
				GCC_WARN_UNUSED_FUNCTION = YES;
				GCC_WARN_UNUSED_VARIABLE = YES;
				IPHONEOS_DEPLOYMENT_TARGET = 9.3;
				SDKROOT = iphoneos;
				TARGETED_DEVICE_FAMILY = "1,2";
				VALIDATE_PRODUCT = YES;
			};
			name = Release;
		};
		6003F5C0195388D20070C39A /* Debug */ = {
			isa = XCBuildConfiguration;
			baseConfigurationReference = 2F4F95982490873E2EB81142 /* Pods-EaseModule_Example.debug.xcconfig */;
			buildSettings = {
				ASSETCATALOG_COMPILER_APPICON_NAME = AppIcon;
				GCC_PRECOMPILE_PREFIX_HEADER = YES;
				GCC_PREFIX_HEADER = "EaseModule/EaseModule-Prefix.pch";
				INFOPLIST_FILE = "EaseModule/EaseModule-Info.plist";
				MODULE_NAME = ExampleApp;
				PRODUCT_BUNDLE_IDENTIFIER = "org.cocoapods.demo.${PRODUCT_NAME:rfc1034identifier}";
				PRODUCT_NAME = "$(TARGET_NAME)";
				SWIFT_VERSION = 4.0;
				WRAPPER_EXTENSION = app;
			};
			name = Debug;
		};
		6003F5C1195388D20070C39A /* Release */ = {
			isa = XCBuildConfiguration;
			baseConfigurationReference = D075930C725F4121370019C6 /* Pods-EaseModule_Example.release.xcconfig */;
			buildSettings = {
				ASSETCATALOG_COMPILER_APPICON_NAME = AppIcon;
				GCC_PRECOMPILE_PREFIX_HEADER = YES;
				GCC_PREFIX_HEADER = "EaseModule/EaseModule-Prefix.pch";
				INFOPLIST_FILE = "EaseModule/EaseModule-Info.plist";
				MODULE_NAME = ExampleApp;
				PRODUCT_BUNDLE_IDENTIFIER = "org.cocoapods.demo.${PRODUCT_NAME:rfc1034identifier}";
				PRODUCT_NAME = "$(TARGET_NAME)";
				SWIFT_VERSION = 4.0;
				WRAPPER_EXTENSION = app;
			};
			name = Release;
		};
		6003F5C3195388D20070C39A /* Debug */ = {
			isa = XCBuildConfiguration;
			baseConfigurationReference = 1B0F7C23F1A387E31E05481A /* Pods-EaseModule_Tests.debug.xcconfig */;
			buildSettings = {
				BUNDLE_LOADER = "$(TEST_HOST)";
				FRAMEWORK_SEARCH_PATHS = (
					"$(PLATFORM_DIR)/Developer/Library/Frameworks",
					"$(inherited)",
					"$(DEVELOPER_FRAMEWORKS_DIR)",
				);
				GCC_PRECOMPILE_PREFIX_HEADER = YES;
				GCC_PREFIX_HEADER = "Tests/Tests-Prefix.pch";
				GCC_PREPROCESSOR_DEFINITIONS = (
					"DEBUG=1",
					"$(inherited)",
				);
				INFOPLIST_FILE = "Tests/Tests-Info.plist";
				PRODUCT_BUNDLE_IDENTIFIER = "org.cocoapods.demo.${PRODUCT_NAME:rfc1034identifier}";
				PRODUCT_NAME = "$(TARGET_NAME)";
				SWIFT_VERSION = 4.0;
				TEST_HOST = "$(BUILT_PRODUCTS_DIR)/EaseModule_Example.app/EaseModule_Example";
				WRAPPER_EXTENSION = xctest;
			};
			name = Debug;
		};
		6003F5C4195388D20070C39A /* Release */ = {
			isa = XCBuildConfiguration;
			baseConfigurationReference = 0313CC12E62DC91523959565 /* Pods-EaseModule_Tests.release.xcconfig */;
			buildSettings = {
				BUNDLE_LOADER = "$(TEST_HOST)";
				FRAMEWORK_SEARCH_PATHS = (
					"$(PLATFORM_DIR)/Developer/Library/Frameworks",
					"$(inherited)",
					"$(DEVELOPER_FRAMEWORKS_DIR)",
				);
				GCC_PRECOMPILE_PREFIX_HEADER = YES;
				GCC_PREFIX_HEADER = "Tests/Tests-Prefix.pch";
				INFOPLIST_FILE = "Tests/Tests-Info.plist";
				PRODUCT_BUNDLE_IDENTIFIER = "org.cocoapods.demo.${PRODUCT_NAME:rfc1034identifier}";
				PRODUCT_NAME = "$(TARGET_NAME)";
				SWIFT_VERSION = 4.0;
				TEST_HOST = "$(BUILT_PRODUCTS_DIR)/EaseModule_Example.app/EaseModule_Example";
				WRAPPER_EXTENSION = xctest;
			};
			name = Release;
		};
/* End XCBuildConfiguration section */

/* Begin XCConfigurationList section */
		6003F585195388D10070C39A /* Build configuration list for PBXProject "EaseModule" */ = {
			isa = XCConfigurationList;
			buildConfigurations = (
				6003F5BD195388D20070C39A /* Debug */,
				6003F5BE195388D20070C39A /* Release */,
			);
			defaultConfigurationIsVisible = 0;
			defaultConfigurationName = Release;
		};
		6003F5BF195388D20070C39A /* Build configuration list for PBXNativeTarget "EaseModule_Example" */ = {
			isa = XCConfigurationList;
			buildConfigurations = (
				6003F5C0195388D20070C39A /* Debug */,
				6003F5C1195388D20070C39A /* Release */,
			);
			defaultConfigurationIsVisible = 0;
			defaultConfigurationName = Release;
		};
		6003F5C2195388D20070C39A /* Build configuration list for PBXNativeTarget "EaseModule_Tests" */ = {
			isa = XCConfigurationList;
			buildConfigurations = (
				6003F5C3195388D20070C39A /* Debug */,
				6003F5C4195388D20070C39A /* Release */,
			);
			defaultConfigurationIsVisible = 0;
			defaultConfigurationName = Release;
		};
/* End XCConfigurationList section */
	};
	rootObject = 6003F582195388D10070C39A /* Project object */;
}
